// !$*UTF8*$!
{
	archiveVersion = 1;
	classes = {
	};
	objectVersion = 56;
	objects = {

/* Begin PBXBuildFile section */
		18374205292DEFE8006288AD /* AppDelegate.swift in Sources */ = {isa = PBXBuildFile; fileRef = 18374204292DEFE8006288AD /* AppDelegate.swift */; };
		18374207292DEFE8006288AD /* SceneDelegate.swift in Sources */ = {isa = PBXBuildFile; fileRef = 18374206292DEFE8006288AD /* SceneDelegate.swift */; };
		18374209292DEFE8006288AD /* OverviewViewController.swift in Sources */ = {isa = PBXBuildFile; fileRef = 18374208292DEFE8006288AD /* OverviewViewController.swift */; };
		1837420E292DEFE9006288AD /* Assets.xcassets in Resources */ = {isa = PBXBuildFile; fileRef = 1837420D292DEFE9006288AD /* Assets.xcassets */; };
		18374211292DEFE9006288AD /* LaunchScreen.storyboard in Resources */ = {isa = PBXBuildFile; fileRef = 1837420F292DEFE9006288AD /* LaunchScreen.storyboard */; };
		1837421B292DF1CA006288AD /* TabBarController.swift in Sources */ = {isa = PBXBuildFile; fileRef = 1837421A292DF1CA006288AD /* TabBarController.swift */; };
		1837421E292DF282006288AD /* UIColor + ext.swift in Sources */ = {isa = PBXBuildFile; fileRef = 1837421D292DF282006288AD /* UIColor + ext.swift */; };
		18374221292DF310006288AD /* Resouces.swift in Sources */ = {isa = PBXBuildFile; fileRef = 18374220292DF310006288AD /* Resouces.swift */; };
		183742232930B972006288AD /* NavBarController.swift in Sources */ = {isa = PBXBuildFile; fileRef = 183742222930B972006288AD /* NavBarController.swift */; };
		183742262930BB4E006288AD /* BaseController.swift in Sources */ = {isa = PBXBuildFile; fileRef = 183742252930BB4E006288AD /* BaseController.swift */; };
		183742282930BCE7006288AD /* UIView + ext.swift in Sources */ = {isa = PBXBuildFile; fileRef = 183742272930BCE7006288AD /* UIView + ext.swift */; };
		1837422F2930BE5B006288AD /* SessionController.swift in Sources */ = {isa = PBXBuildFile; fileRef = 1837422E2930BE5B006288AD /* SessionController.swift */; };
		183742312930BE8E006288AD /* ProgressController.swift in Sources */ = {isa = PBXBuildFile; fileRef = 183742302930BE8E006288AD /* ProgressController.swift */; };
		183742332930BEBE006288AD /* SettingsController.swift in Sources */ = {isa = PBXBuildFile; fileRef = 183742322930BEBE006288AD /* SettingsController.swift */; };
		183742362930C64C006288AD /* SecondaryButton.swift in Sources */ = {isa = PBXBuildFile; fileRef = 183742352930C64C006288AD /* SecondaryButton.swift */; };
		1837423829322AB2006288AD /* OverviewNavBar.swift in Sources */ = {isa = PBXBuildFile; fileRef = 1837423729322AB2006288AD /* OverviewNavBar.swift */; };
		1837423A29322AEE006288AD /* BaseView.swift in Sources */ = {isa = PBXBuildFile; fileRef = 1837423929322AEE006288AD /* BaseView.swift */; };
		1837423D293271DD006288AD /* WeekView.swift in Sources */ = {isa = PBXBuildFile; fileRef = 1837423C293271DD006288AD /* WeekView.swift */; };
		1837423F293277C2006288AD /* WeekdayView.swift in Sources */ = {isa = PBXBuildFile; fileRef = 1837423E293277C2006288AD /* WeekdayView.swift */; };
		1837424129328118006288AD /* Date + ext.swift in Sources */ = {isa = PBXBuildFile; fileRef = 1837424029328118006288AD /* Date + ext.swift */; };
/* End PBXBuildFile section */

/* Begin PBXFileReference section */
		18374201292DEFE8006288AD /* WorkoutApp.app */ = {isa = PBXFileReference; explicitFileType = wrapper.application; includeInIndex = 0; path = WorkoutApp.app; sourceTree = BUILT_PRODUCTS_DIR; };
		18374204292DEFE8006288AD /* AppDelegate.swift */ = {isa = PBXFileReference; lastKnownFileType = sourcecode.swift; path = AppDelegate.swift; sourceTree = "<group>"; };
		18374206292DEFE8006288AD /* SceneDelegate.swift */ = {isa = PBXFileReference; lastKnownFileType = sourcecode.swift; path = SceneDelegate.swift; sourceTree = "<group>"; };
		18374208292DEFE8006288AD /* OverviewViewController.swift */ = {isa = PBXFileReference; lastKnownFileType = sourcecode.swift; path = OverviewViewController.swift; sourceTree = "<group>"; };
		1837420D292DEFE9006288AD /* Assets.xcassets */ = {isa = PBXFileReference; lastKnownFileType = folder.assetcatalog; path = Assets.xcassets; sourceTree = "<group>"; };
		18374210292DEFE9006288AD /* Base */ = {isa = PBXFileReference; lastKnownFileType = file.storyboard; name = Base; path = Base.lproj/LaunchScreen.storyboard; sourceTree = "<group>"; };
		18374212292DEFE9006288AD /* Info.plist */ = {isa = PBXFileReference; lastKnownFileType = text.plist.xml; path = Info.plist; sourceTree = "<group>"; };
		1837421A292DF1CA006288AD /* TabBarController.swift */ = {isa = PBXFileReference; lastKnownFileType = sourcecode.swift; path = TabBarController.swift; sourceTree = "<group>"; };
		1837421D292DF282006288AD /* UIColor + ext.swift */ = {isa = PBXFileReference; lastKnownFileType = sourcecode.swift; path = "UIColor + ext.swift"; sourceTree = "<group>"; };
		18374220292DF310006288AD /* Resouces.swift */ = {isa = PBXFileReference; lastKnownFileType = sourcecode.swift; path = Resouces.swift; sourceTree = "<group>"; };
		183742222930B972006288AD /* NavBarController.swift */ = {isa = PBXFileReference; lastKnownFileType = sourcecode.swift; path = NavBarController.swift; sourceTree = "<group>"; };
		183742252930BB4E006288AD /* BaseController.swift */ = {isa = PBXFileReference; lastKnownFileType = sourcecode.swift; path = BaseController.swift; sourceTree = "<group>"; };
		183742272930BCE7006288AD /* UIView + ext.swift */ = {isa = PBXFileReference; lastKnownFileType = sourcecode.swift; path = "UIView + ext.swift"; sourceTree = "<group>"; };
		1837422E2930BE5B006288AD /* SessionController.swift */ = {isa = PBXFileReference; lastKnownFileType = sourcecode.swift; path = SessionController.swift; sourceTree = "<group>"; };
		183742302930BE8E006288AD /* ProgressController.swift */ = {isa = PBXFileReference; lastKnownFileType = sourcecode.swift; path = ProgressController.swift; sourceTree = "<group>"; };
		183742322930BEBE006288AD /* SettingsController.swift */ = {isa = PBXFileReference; lastKnownFileType = sourcecode.swift; path = SettingsController.swift; sourceTree = "<group>"; };
		183742352930C64C006288AD /* SecondaryButton.swift */ = {isa = PBXFileReference; lastKnownFileType = sourcecode.swift; path = SecondaryButton.swift; sourceTree = "<group>"; };
		1837423729322AB2006288AD /* OverviewNavBar.swift */ = {isa = PBXFileReference; lastKnownFileType = sourcecode.swift; path = OverviewNavBar.swift; sourceTree = "<group>"; };
		1837423929322AEE006288AD /* BaseView.swift */ = {isa = PBXFileReference; lastKnownFileType = sourcecode.swift; path = BaseView.swift; sourceTree = "<group>"; };
		1837423C293271DD006288AD /* WeekView.swift */ = {isa = PBXFileReference; lastKnownFileType = sourcecode.swift; path = WeekView.swift; sourceTree = "<group>"; };
		1837423E293277C2006288AD /* WeekdayView.swift */ = {isa = PBXFileReference; lastKnownFileType = sourcecode.swift; path = WeekdayView.swift; sourceTree = "<group>"; };
		1837424029328118006288AD /* Date + ext.swift */ = {isa = PBXFileReference; lastKnownFileType = sourcecode.swift; path = "Date + ext.swift"; sourceTree = "<group>"; };
/* End PBXFileReference section */

/* Begin PBXFrameworksBuildPhase section */
		183741FE292DEFE8006288AD /* Frameworks */ = {
			isa = PBXFrameworksBuildPhase;
			buildActionMask = 2147483647;
			files = (
			);
			runOnlyForDeploymentPostprocessing = 0;
		};
/* End PBXFrameworksBuildPhase section */

/* Begin PBXGroup section */
		183741F8292DEFE8006288AD = {
			isa = PBXGroup;
			children = (
				18374203292DEFE8006288AD /* WorkoutApp */,
				18374202292DEFE8006288AD /* Products */,
			);
			sourceTree = "<group>";
		};
		18374202292DEFE8006288AD /* Products */ = {
			isa = PBXGroup;
			children = (
				18374201292DEFE8006288AD /* WorkoutApp.app */,
			);
			name = Products;
			sourceTree = "<group>";
		};
		18374203292DEFE8006288AD /* WorkoutApp */ = {
			isa = PBXGroup;
			children = (
				1837421C292DF25F006288AD /* Helpers */,
				18374218292DF06B006288AD /* Application */,
				183742242930BB34006288AD /* Controllers */,
				18374219292DF080006288AD /* SupportingFiles */,
			);
			path = WorkoutApp;
			sourceTree = "<group>";
		};
		18374218292DF06B006288AD /* Application */ = {
			isa = PBXGroup;
			children = (
				18374204292DEFE8006288AD /* AppDelegate.swift */,
				18374206292DEFE8006288AD /* SceneDelegate.swift */,
			);
			path = Application;
			sourceTree = "<group>";
		};
		18374219292DF080006288AD /* SupportingFiles */ = {
			isa = PBXGroup;
			children = (
				1837420D292DEFE9006288AD /* Assets.xcassets */,
				1837420F292DEFE9006288AD /* LaunchScreen.storyboard */,
				18374212292DEFE9006288AD /* Info.plist */,
			);
			path = SupportingFiles;
			sourceTree = "<group>";
		};
		1837421C292DF25F006288AD /* Helpers */ = {
			isa = PBXGroup;
			children = (
				1837421F292DF290006288AD /* Extensions */,
				18374220292DF310006288AD /* Resouces.swift */,
			);
			path = Helpers;
			sourceTree = "<group>";
		};
		1837421F292DF290006288AD /* Extensions */ = {
			isa = PBXGroup;
			children = (
				1837421D292DF282006288AD /* UIColor + ext.swift */,
				183742272930BCE7006288AD /* UIView + ext.swift */,
				1837424029328118006288AD /* Date + ext.swift */,
			);
			path = Extensions;
			sourceTree = "<group>";
		};
		183742242930BB34006288AD /* Controllers */ = {
			isa = PBXGroup;
			children = (
				1837422D2930BE42006288AD /* Settings */,
				1837422C2930BE36006288AD /* Progress */,
				1837422B2930BE2A006288AD /* Session */,
				1837422A2930BE1A006288AD /* Overview */,
				183742292930BDFE006288AD /* Base */,
			);
			path = Controllers;
			sourceTree = "<group>";
		};
		183742292930BDFE006288AD /* Base */ = {
			isa = PBXGroup;
			children = (
				1837421A292DF1CA006288AD /* TabBarController.swift */,
				183742222930B972006288AD /* NavBarController.swift */,
				183742252930BB4E006288AD /* BaseController.swift */,
				1837423929322AEE006288AD /* BaseView.swift */,
			);
			path = Base;
			sourceTree = "<group>";
		};
		1837422A2930BE1A006288AD /* Overview */ = {
			isa = PBXGroup;
			children = (
				183742342930C622006288AD /* Views */,
				18374208292DEFE8006288AD /* OverviewViewController.swift */,
			);
			name = Overview;
			sourceTree = "<group>";
		};
		1837422B2930BE2A006288AD /* Session */ = {
			isa = PBXGroup;
			children = (
				1837422E2930BE5B006288AD /* SessionController.swift */,
			);
			path = Session;
			sourceTree = "<group>";
		};
		1837422C2930BE36006288AD /* Progress */ = {
			isa = PBXGroup;
			children = (
				183742302930BE8E006288AD /* ProgressController.swift */,
			);
			path = Progress;
			sourceTree = "<group>";
		};
		1837422D2930BE42006288AD /* Settings */ = {
			isa = PBXGroup;
			children = (
				183742322930BEBE006288AD /* SettingsController.swift */,
			);
			path = Settings;
			sourceTree = "<group>";
		};
		183742342930C622006288AD /* Views */ = {
			isa = PBXGroup;
			children = (
				1837423B293271BF006288AD /* WeekView */,
				183742352930C64C006288AD /* SecondaryButton.swift */,
				1837423729322AB2006288AD /* OverviewNavBar.swift */,
			);
			name = Views;
			sourceTree = "<group>";
		};
		1837423B293271BF006288AD /* WeekView */ = {
			isa = PBXGroup;
			children = (
				1837423C293271DD006288AD /* WeekView.swift */,
				1837423E293277C2006288AD /* WeekdayView.swift */,
			);
			name = WeekView;
			sourceTree = "<group>";
		};
/* End PBXGroup section */

/* Begin PBXNativeTarget section */
		18374200292DEFE8006288AD /* WorkoutApp */ = {
			isa = PBXNativeTarget;
			buildConfigurationList = 18374215292DEFE9006288AD /* Build configuration list for PBXNativeTarget "WorkoutApp" */;
			buildPhases = (
				183741FD292DEFE8006288AD /* Sources */,
				183741FE292DEFE8006288AD /* Frameworks */,
				183741FF292DEFE8006288AD /* Resources */,
			);
			buildRules = (
			);
			dependencies = (
			);
			name = WorkoutApp;
			productName = WorkoutApp;
			productReference = 18374201292DEFE8006288AD /* WorkoutApp.app */;
			productType = "com.apple.product-type.application";
		};
/* End PBXNativeTarget section */

/* Begin PBXProject section */
		183741F9292DEFE8006288AD /* Project object */ = {
			isa = PBXProject;
			attributes = {
				BuildIndependentTargetsInParallel = 1;
				LastSwiftUpdateCheck = 1410;
				LastUpgradeCheck = 1410;
				TargetAttributes = {
					18374200292DEFE8006288AD = {
						CreatedOnToolsVersion = 14.1;
					};
				};
			};
			buildConfigurationList = 183741FC292DEFE8006288AD /* Build configuration list for PBXProject "WorkoutApp" */;
			compatibilityVersion = "Xcode 14.0";
			developmentRegion = en;
			hasScannedForEncodings = 0;
			knownRegions = (
				en,
				Base,
			);
			mainGroup = 183741F8292DEFE8006288AD;
			productRefGroup = 18374202292DEFE8006288AD /* Products */;
			projectDirPath = "";
			projectRoot = "";
			targets = (
				18374200292DEFE8006288AD /* WorkoutApp */,
			);
		};
/* End PBXProject section */

/* Begin PBXResourcesBuildPhase section */
		183741FF292DEFE8006288AD /* Resources */ = {
			isa = PBXResourcesBuildPhase;
			buildActionMask = 2147483647;
			files = (
				18374211292DEFE9006288AD /* LaunchScreen.storyboard in Resources */,
				1837420E292DEFE9006288AD /* Assets.xcassets in Resources */,
			);
			runOnlyForDeploymentPostprocessing = 0;
		};
/* End PBXResourcesBuildPhase section */

/* Begin PBXSourcesBuildPhase section */
		183741FD292DEFE8006288AD /* Sources */ = {
			isa = PBXSourcesBuildPhase;
			buildActionMask = 2147483647;
			files = (
				1837423D293271DD006288AD /* WeekView.swift in Sources */,
				1837424129328118006288AD /* Date + ext.swift in Sources */,
				183742332930BEBE006288AD /* SettingsController.swift in Sources */,
				18374209292DEFE8006288AD /* OverviewViewController.swift in Sources */,
				1837423829322AB2006288AD /* OverviewNavBar.swift in Sources */,
				183742282930BCE7006288AD /* UIView + ext.swift in Sources */,
				1837421B292DF1CA006288AD /* TabBarController.swift in Sources */,
				18374205292DEFE8006288AD /* AppDelegate.swift in Sources */,
				1837422F2930BE5B006288AD /* SessionController.swift in Sources */,
				183742362930C64C006288AD /* SecondaryButton.swift in Sources */,
				183742312930BE8E006288AD /* ProgressController.swift in Sources */,
				183742232930B972006288AD /* NavBarController.swift in Sources */,
				1837421E292DF282006288AD /* UIColor + ext.swift in Sources */,
				18374221292DF310006288AD /* Resouces.swift in Sources */,
				1837423A29322AEE006288AD /* BaseView.swift in Sources */,
				1837423F293277C2006288AD /* WeekdayView.swift in Sources */,
				183742262930BB4E006288AD /* BaseController.swift in Sources */,
				18374207292DEFE8006288AD /* SceneDelegate.swift in Sources */,
			);
			runOnlyForDeploymentPostprocessing = 0;
		};
/* End PBXSourcesBuildPhase section */

/* Begin PBXVariantGroup section */
		1837420F292DEFE9006288AD /* LaunchScreen.storyboard */ = {
			isa = PBXVariantGroup;
			children = (
				18374210292DEFE9006288AD /* Base */,
			);
			name = LaunchScreen.storyboard;
			sourceTree = "<group>";
		};
/* End PBXVariantGroup section */

/* Begin XCBuildConfiguration section */
		18374213292DEFE9006288AD /* Debug */ = {
			isa = XCBuildConfiguration;
			buildSettings = {
				ALWAYS_SEARCH_USER_PATHS = NO;
				CLANG_ANALYZER_NONNULL = YES;
				CLANG_ANALYZER_NUMBER_OBJECT_CONVERSION = YES_AGGRESSIVE;
				CLANG_CXX_LANGUAGE_STANDARD = "gnu++20";
				CLANG_ENABLE_MODULES = YES;
				CLANG_ENABLE_OBJC_ARC = YES;
				CLANG_ENABLE_OBJC_WEAK = YES;
				CLANG_WARN_BLOCK_CAPTURE_AUTORELEASING = YES;
				CLANG_WARN_BOOL_CONVERSION = YES;
				CLANG_WARN_COMMA = YES;
				CLANG_WARN_CONSTANT_CONVERSION = YES;
				CLANG_WARN_DEPRECATED_OBJC_IMPLEMENTATIONS = YES;
				CLANG_WARN_DIRECT_OBJC_ISA_USAGE = YES_ERROR;
				CLANG_WARN_DOCUMENTATION_COMMENTS = YES;
				CLANG_WARN_EMPTY_BODY = YES;
				CLANG_WARN_ENUM_CONVERSION = YES;
				CLANG_WARN_INFINITE_RECURSION = YES;
				CLANG_WARN_INT_CONVERSION = YES;
				CLANG_WARN_NON_LITERAL_NULL_CONVERSION = YES;
				CLANG_WARN_OBJC_IMPLICIT_RETAIN_SELF = YES;
				CLANG_WARN_OBJC_LITERAL_CONVERSION = YES;
				CLANG_WARN_OBJC_ROOT_CLASS = YES_ERROR;
				CLANG_WARN_QUOTED_INCLUDE_IN_FRAMEWORK_HEADER = YES;
				CLANG_WARN_RANGE_LOOP_ANALYSIS = YES;
				CLANG_WARN_STRICT_PROTOTYPES = YES;
				CLANG_WARN_SUSPICIOUS_MOVE = YES;
				CLANG_WARN_UNGUARDED_AVAILABILITY = YES_AGGRESSIVE;
				CLANG_WARN_UNREACHABLE_CODE = YES;
				CLANG_WARN__DUPLICATE_METHOD_MATCH = YES;
				COPY_PHASE_STRIP = NO;
				DEBUG_INFORMATION_FORMAT = dwarf;
				ENABLE_STRICT_OBJC_MSGSEND = YES;
				ENABLE_TESTABILITY = YES;
				GCC_C_LANGUAGE_STANDARD = gnu11;
				GCC_DYNAMIC_NO_PIC = NO;
				GCC_NO_COMMON_BLOCKS = YES;
				GCC_OPTIMIZATION_LEVEL = 0;
				GCC_PREPROCESSOR_DEFINITIONS = (
					"DEBUG=1",
					"$(inherited)",
				);
				GCC_WARN_64_TO_32_BIT_CONVERSION = YES;
				GCC_WARN_ABOUT_RETURN_TYPE = YES_ERROR;
				GCC_WARN_UNDECLARED_SELECTOR = YES;
				GCC_WARN_UNINITIALIZED_AUTOS = YES_AGGRESSIVE;
				GCC_WARN_UNUSED_FUNCTION = YES;
				GCC_WARN_UNUSED_VARIABLE = YES;
				IPHONEOS_DEPLOYMENT_TARGET = 16.1;
				MTL_ENABLE_DEBUG_INFO = INCLUDE_SOURCE;
				MTL_FAST_MATH = YES;
				ONLY_ACTIVE_ARCH = YES;
				SDKROOT = iphoneos;
				SWIFT_ACTIVE_COMPILATION_CONDITIONS = DEBUG;
				SWIFT_OPTIMIZATION_LEVEL = "-Onone";
			};
			name = Debug;
		};
		18374214292DEFE9006288AD /* Release */ = {
			isa = XCBuildConfiguration;
			buildSettings = {
				ALWAYS_SEARCH_USER_PATHS = NO;
				CLANG_ANALYZER_NONNULL = YES;
				CLANG_ANALYZER_NUMBER_OBJECT_CONVERSION = YES_AGGRESSIVE;
				CLANG_CXX_LANGUAGE_STANDARD = "gnu++20";
				CLANG_ENABLE_MODULES = YES;
				CLANG_ENABLE_OBJC_ARC = YES;
				CLANG_ENABLE_OBJC_WEAK = YES;
				CLANG_WARN_BLOCK_CAPTURE_AUTORELEASING = YES;
				CLANG_WARN_BOOL_CONVERSION = YES;
				CLANG_WARN_COMMA = YES;
				CLANG_WARN_CONSTANT_CONVERSION = YES;
				CLANG_WARN_DEPRECATED_OBJC_IMPLEMENTATIONS = YES;
				CLANG_WARN_DIRECT_OBJC_ISA_USAGE = YES_ERROR;
				CLANG_WARN_DOCUMENTATION_COMMENTS = YES;
				CLANG_WARN_EMPTY_BODY = YES;
				CLANG_WARN_ENUM_CONVERSION = YES;
				CLANG_WARN_INFINITE_RECURSION = YES;
				CLANG_WARN_INT_CONVERSION = YES;
				CLANG_WARN_NON_LITERAL_NULL_CONVERSION = YES;
				CLANG_WARN_OBJC_IMPLICIT_RETAIN_SELF = YES;
				CLANG_WARN_OBJC_LITERAL_CONVERSION = YES;
				CLANG_WARN_OBJC_ROOT_CLASS = YES_ERROR;
				CLANG_WARN_QUOTED_INCLUDE_IN_FRAMEWORK_HEADER = YES;
				CLANG_WARN_RANGE_LOOP_ANALYSIS = YES;
				CLANG_WARN_STRICT_PROTOTYPES = YES;
				CLANG_WARN_SUSPICIOUS_MOVE = YES;
				CLANG_WARN_UNGUARDED_AVAILABILITY = YES_AGGRESSIVE;
				CLANG_WARN_UNREACHABLE_CODE = YES;
				CLANG_WARN__DUPLICATE_METHOD_MATCH = YES;
				COPY_PHASE_STRIP = NO;
				DEBUG_INFORMATION_FORMAT = "dwarf-with-dsym";
				ENABLE_NS_ASSERTIONS = NO;
				ENABLE_STRICT_OBJC_MSGSEND = YES;
				GCC_C_LANGUAGE_STANDARD = gnu11;
				GCC_NO_COMMON_BLOCKS = YES;
				GCC_WARN_64_TO_32_BIT_CONVERSION = YES;
				GCC_WARN_ABOUT_RETURN_TYPE = YES_ERROR;
				GCC_WARN_UNDECLARED_SELECTOR = YES;
				GCC_WARN_UNINITIALIZED_AUTOS = YES_AGGRESSIVE;
				GCC_WARN_UNUSED_FUNCTION = YES;
				GCC_WARN_UNUSED_VARIABLE = YES;
				IPHONEOS_DEPLOYMENT_TARGET = 16.1;
				MTL_ENABLE_DEBUG_INFO = NO;
				MTL_FAST_MATH = YES;
				SDKROOT = iphoneos;
				SWIFT_COMPILATION_MODE = wholemodule;
				SWIFT_OPTIMIZATION_LEVEL = "-O";
				VALIDATE_PRODUCT = YES;
			};
			name = Release;
		};
		18374216292DEFE9006288AD /* Debug */ = {
			isa = XCBuildConfiguration;
			buildSettings = {
				ASSETCATALOG_COMPILER_APPICON_NAME = AppIcon;
				ASSETCATALOG_COMPILER_GLOBAL_ACCENT_COLOR_NAME = AccentColor;
				CODE_SIGN_STYLE = Automatic;
				CURRENT_PROJECT_VERSION = 1;
				DEVELOPMENT_TEAM = F2335D85AV;
				GENERATE_INFOPLIST_FILE = YES;
				INFOPLIST_FILE = WorkoutApp/SupportingFiles/Info.plist;
				INFOPLIST_KEY_UIApplicationSupportsIndirectInputEvents = YES;
				INFOPLIST_KEY_UILaunchStoryboardName = LaunchScreen;
				INFOPLIST_KEY_UIMainStoryboardFile = "";
				INFOPLIST_KEY_UISupportedInterfaceOrientations = UIInterfaceOrientationPortrait;
				INFOPLIST_KEY_UISupportedInterfaceOrientations_iPad = "UIInterfaceOrientationLandscapeLeft UIInterfaceOrientationLandscapeRight UIInterfaceOrientationPortrait UIInterfaceOrientationPortraitUpsideDown";
				LD_RUNPATH_SEARCH_PATHS = (
					"$(inherited)",
					"@executable_path/Frameworks",
				);
				MARKETING_VERSION = 1.0;
				PRODUCT_BUNDLE_IDENTIFIER = com.myorganization.WorkoutApp;
				PRODUCT_NAME = "$(TARGET_NAME)";
				SUPPORTED_PLATFORMS = "iphoneos iphonesimulator";
				SUPPORTS_MACCATALYST = NO;
				SUPPORTS_MAC_DESIGNED_FOR_IPHONE_IPAD = NO;
				SWIFT_EMIT_LOC_STRINGS = YES;
				SWIFT_VERSION = 5.0;
				TARGETED_DEVICE_FAMILY = 1;
			};
			name = Debug;
		};
		18374217292DEFE9006288AD /* Release */ = {
			isa = XCBuildConfiguration;
			buildSettings = {
				ASSETCATALOG_COMPILER_APPICON_NAME = AppIcon;
				ASSETCATALOG_COMPILER_GLOBAL_ACCENT_COLOR_NAME = AccentColor;
				CODE_SIGN_STYLE = Automatic;
				CURRENT_PROJECT_VERSION = 1;
				DEVELOPMENT_TEAM = F2335D85AV;
				GENERATE_INFOPLIST_FILE = YES;
				INFOPLIST_FILE = WorkoutApp/SupportingFiles/Info.plist;
				INFOPLIST_KEY_UIApplicationSupportsIndirectInputEvents = YES;
				INFOPLIST_KEY_UILaunchStoryboardName = LaunchScreen;
				INFOPLIST_KEY_UIMainStoryboardFile = "";
				INFOPLIST_KEY_UISupportedInterfaceOrientations = UIInterfaceOrientationPortrait;
				INFOPLIST_KEY_UISupportedInterfaceOrientations_iPad = "UIInterfaceOrientationLandscapeLeft UIInterfaceOrientationLandscapeRight UIInterfaceOrientationPortrait UIInterfaceOrientationPortraitUpsideDown";
				LD_RUNPATH_SEARCH_PATHS = (
					"$(inherited)",
					"@executable_path/Frameworks",
				);
				MARKETING_VERSION = 1.0;
				PRODUCT_BUNDLE_IDENTIFIER = com.myorganization.WorkoutApp;
				PRODUCT_NAME = "$(TARGET_NAME)";
				SUPPORTED_PLATFORMS = "iphoneos iphonesimulator";
				SUPPORTS_MACCATALYST = NO;
				SUPPORTS_MAC_DESIGNED_FOR_IPHONE_IPAD = NO;
				SWIFT_EMIT_LOC_STRINGS = YES;
				SWIFT_VERSION = 5.0;
				TARGETED_DEVICE_FAMILY = 1;
			};
			name = Release;
		};
/* End XCBuildConfiguration section */

/* Begin XCConfigurationList section */
		183741FC292DEFE8006288AD /* Build configuration list for PBXProject "WorkoutApp" */ = {
			isa = XCConfigurationList;
			buildConfigurations = (
				18374213292DEFE9006288AD /* Debug */,
				18374214292DEFE9006288AD /* Release */,
			);
			defaultConfigurationIsVisible = 0;
			defaultConfigurationName = Release;
		};
		18374215292DEFE9006288AD /* Build configuration list for PBXNativeTarget "WorkoutApp" */ = {
			isa = XCConfigurationList;
			buildConfigurations = (
				18374216292DEFE9006288AD /* Debug */,
				18374217292DEFE9006288AD /* Release */,
			);
			defaultConfigurationIsVisible = 0;
			defaultConfigurationName = Release;
		};
/* End XCConfigurationList section */
	};
	rootObject = 183741F9292DEFE8006288AD /* Project object */;
}
